{
    "_meta": {
        "hash": {
            "sha256": "22e2f86699a64b1c74a02c2e91e1c5f615a83c61ab99973e250c0a25f355df30"
        },
        "pipfile-spec": 6,
        "requires": {
            "python_version": "3.10"
        },
        "sources": [
            {
                "name": "pypi",
                "url": "https://pypi.org/simple",
                "verify_ssl": true
            }
        ]
    },
    "default": {
        "beeref": {
            "editable": true,
            "path": "."
        },
        "exif": {
            "hashes": [
                "sha256:65541ac96697c59a7e0ea88f71deba9eff2c3680a07d23503980a9c3a70a4e9d",
                "sha256:88243c43bdb722c365a461ce461c1bec29264115f5ca7b897c204c8f658d37c2"
            ],
            "markers": "python_version >= '3.7'",
            "version": "==1.3.5"
        },
        "plum-py": {
            "hashes": [
                "sha256:64d700be98db0731a028bfc7de938a975f8c027e01c069391d307adc7d9eda0d",
                "sha256:f0054734c2e91146c43b9f4205e0d73b9a554f8f978812439e3f3f10bd019c11"
            ],
            "markers": "python_version >= '3.6'",
            "version": "==0.8.2"
        },
        "pyqt6": {
            "hashes": [
                "sha256:115f809810c236af90352b4df4a9dfc79cbd05b7c0200c05886c8b3035c2847b",
                "sha256:8cc6e21dbaf7047d1fc897e396ccd9710a12f2ef976563dad65f06017d2c9757",
                "sha256:c87c909eeafc44ea911a94490d55055058f51a27ec5ca0e439a9feb943a73fd1",
                "sha256:f7ad13b44959b72c8d40fa1856470015fab3368983dd2c1c781d4061c45d96b3"
            ],
            "markers": "python_full_version >= '3.6.1'",
            "version": "==6.3.1"
        },
        "pyqt6-qt6": {
            "hashes": [
                "sha256:37c7e4c777ec2088165ca57bfb31bfe306dcaad9f4d9d8fcf3987c98a2d076e5",
                "sha256:68ba0587b5e6e5e1d8c6884958e26376a1551ed0969d24d623afbfa0ef1615aa",
                "sha256:d8c6196b52a02fdf0bf3152d72a62edf6bd7698bb078fba8079860e6a6589028",
                "sha256:f62566614ada105af4833f259847bfb6ad05b8f15757e421781c5a57181ed4bd"
            ],
            "version": "==6.3.2"
        },
        "pyqt6-sip": {
            "hashes": [
                "sha256:2694ae67811cefb6ea3ee0e9995755b45e4952f4dcadec8c04300fd828f91c75",
                "sha256:3486914137f5336cff6e10a5e9d52c1e60ff883473938b45f267f794daeacb2f",
                "sha256:3ac7e0800180202dcc0c7035ff88c2a6f4a0f5acb20c4a19f71d807d0f7857b7",
                "sha256:3de18c4a32f717a351d560a39f528af24077f5135aacfa8890a2f2d79f0633da",
                "sha256:6d87a3ee5872d7511b76957d68a32109352caf3b7a42a01d9ee20032b350d979",
                "sha256:802b0cfed19900183220c46895c2635f0dd062f2d275a25506423f911ef74db4",
                "sha256:83b446d247a92d119d507dbc94fc1f47389d8118a5b6232a2859951157319a30",
                "sha256:9c5231536e6153071b22175e46e368045fd08d772a90d772a0977d1166c7822c",
                "sha256:9e03c780846fd5d71c06e33322fd11a05713d9cd410e3571d069ac9a84077647",
                "sha256:bb4f2e2fdcf3a8dafe4256750bbedd9e7107c4fd8afa9c25be28423c36bb12b8",
                "sha256:cfdcd43e123bd55c155cfe7a33895033e6d25de90a48ed9c25a0ddd0196a810e",
                "sha256:de601187055d684b36ebe6e800a5deacaa55b69d71ad43312b76422cfeae0e12",
                "sha256:fd2df2a9479b8ac858117bd55dc0ec0bd1ce6c8f3486b0cc5e860c0540a8bba0"
            ],
            "markers": "python_version >= '3.7'",
            "version": "==13.4.0"
        },
        "rectangle-packer": {
            "hashes": [
                "sha256:06c6f1d55f12c38e11659125d86e23430e4296ccff3584b3084e4d89197f4b62",
                "sha256:1b8f5bc7c2b4df6595e8c765401b566cc5be10ddfb6226f98f024465f6664b58",
                "sha256:23b4881dfb0a1ea4c5404a017a822255f619758890ec162cefeac1a834f1d59b",
                "sha256:24bbb41f893e61c5e44d2ccae848a4d46b00980793350013c8480e9cd1412a1e",
                "sha256:2fdbb32ac858c6b78a4fea6883d532751fe868fd2d368d28540acfca664b1c46",
                "sha256:33c8cb30c116e32a60a802d65e8ff6792a860d48d3fd4e27118cd1948b544979",
                "sha256:356d17ab619f210ec96e29ffda48c2387d866442c54b217d4bef918bc41cfb6b",
                "sha256:37bcb342bb9f2fdf9e6b5504f57e1bd89d642b679727e20321e768cf87aa3915",
                "sha256:3863170fcd41b9ed4d23775f118bfe6db4ed24fbc60963dec59d334b3bd98c06",
                "sha256:3d774ed75984cd71a7a490c310ac9476e4679a44164449874327b021e57cbc6b",
                "sha256:3fa5519921e04fc0652c1179b5d0f9f35b571ac7cce153d44800487119daabd5",
                "sha256:43d377d54cf911fb437de921f4e86d47af4ac60ff9225c08861718183eedf292",
                "sha256:4449265612b926dc19515015f4b8ff7d717b99dbb342e339ee34b4e7de7b893b",
                "sha256:4482d7933042d4e941ca2a4d998b3c11f5f92940ff86c89c19b2906eaff24799",
                "sha256:4650f68a54f74bc9712c3b26aab29e22bd1f6b3ecdb4991cbf94d1b150aa12e7",
                "sha256:4bca34d91032f8e1267505c186c371956f5207e65edefc848d76cc63f3d85451",
                "sha256:4dc74c75a3f9c238b004f7827524b23354b4056166ab43e2773d8ba5d51f48d7",
                "sha256:5cb6eae9b4a660c733657fc1b30548438520df800416f9d658861322ee67e33b",
                "sha256:68329b3a5c8b250b9defc4bcadd71ba714964795e66cc4eee46b0d7f2a0e0d18",
                "sha256:6d2cd91a4ff93552da92ecec93cf9938571a36a0241c92f91b8fab57e157933a",
                "sha256:71a823ec6380b73d3c68b43faf8e42d081535d575b94bf4b8182758fc3bf0779",
                "sha256:7fcbb37eb617dba22a148476d4da5ccff645309a8597f343de49714ab5954303",
                "sha256:86cd91c1036b76ac8b6bcc9a2d553f74304a63a69c5eb4bf2684deb2a56de203",
                "sha256:8a7de73dad5e2c77932f5fc38f892797388e6468c26cbbf4c9d1b426954bd5df",
                "sha256:8da87310463144cf7a48ca2e5a286aaa78847daf7c506aa2640212b0801167d5",
                "sha256:9eede5c4c596a3185678c06cd7d2135d71838d2f7751f3059c0f0622472599a6",
                "sha256:b0608c0e1d4592166c17a7cc28731d264088aeffeef37a66cd2e867932afcc3d",
                "sha256:b4476775557c28619f1d0c9b7463aaa08a3c46fbe2a0bebd2bca2ad67c0bb8b6",
                "sha256:c584992dcc2c57c959bd908576151fe0c1c6e35ea01896abba314a7d0a551205",
                "sha256:cd7364f7e12dd031f18534e9f050d5515c9f837fd6c78e3b679f935714302027",
                "sha256:d02608a10493773040c8eddbfc0b16abed6aeb79bdb13fca05e13c3e11fe690f",
                "sha256:d112c440b537bd7dc422d309fb89f1fda7538368dc01332173ff3f9462cbb0fc",
                "sha256:d1cbefb39f5dd48105930d2ed1565cfbe59cd6a58301ec9c9046f0edc25b6c4d",
                "sha256:d3abff47857a63c29016b17da39fc53bdbbab4fca7743a550a3749a3f13cbecf",
                "sha256:d91858e0856cc431dc44c9dc2e7e6f8082df27d2ca9c1511ddf4147d5e655173",
                "sha256:dd8e70184d2af8a195d568e0c2c3cc197f0c94c2a477475411e5ea978c67b27d",
                "sha256:e1f1013ad3292bcb9cdf1957ccc9860a90279514cbbac99d47569e311219c2f7",
                "sha256:f2d547077ee6aecf47bf3209da51d10a5bdb961159ceb1c35b6afdd278a6a75b",
                "sha256:fdb12f658425a1e35af5f825c42ca273903e0368fd5e702c8a5b4285e6c7c4ff",
                "sha256:fe71a87503424cb549ec0f80563dc9139a62531295f500b53c7e1466ac27b65a"
            ],
            "version": "==2.0.1"
        }
    },
    "develop": {}
}
